
Microsoft Visual Studio Solution File, Format Version 12.00
# Visual Studio Version 16
VisualStudioVersion = 16.0.31019.35
MinimumVisualStudioVersion = 10.0.40219.1
Project("{FAE04EC0-301F-11D3-BF4B-00C04F79EFBC}") = "JsonHomework", "JsonHomework\JsonHomework.csproj", "{87474511-569B-4DD7-8545-25CA249A8484}"
EndProject
Global
	GlobalSection(SolutionConfigurationPlatforms) = preSolution
		Debug|Any CPU = Debug|Any CPU
		Release|Any CPU = Release|Any CPU
	EndGlobalSection
	GlobalSection(ProjectConfigurationPlatforms) = postSolution
		{87474511-569B-4DD7-8545-25CA249A8484}.Debug|Any CPU.ActiveCfg = Debug|Any CPU
		{87474511-569B-4DD7-8545-25CA249A8484}.Debug|Any CPU.Build.0 = Debug|Any CPU
		{87474511-569B-4DD7-8545-25CA249A8484}.Release|Any CPU.ActiveCfg = Release|Any CPU
		{87474511-569B-4DD7-8545-25CA249A8484}.Release|Any CPU.Build.0 = Release|Any CPU
	EndGlobalSection
	GlobalSection(SolutionProperties) = preSolution
		HideSolutionNode = FALSE
	EndGlobalSection
	GlobalSection(ExtensibilityGlobals) = postSolution
		SolutionGuid = {AC88D4B6-065B-4CB3-8466-5EC4B4DE002E}
	EndGlobalSection
EndGlobal
