
Microsoft Visual Studio Solution File, Format Version 12.00
# Visual Studio Version 16
VisualStudioVersion = 16.0.31019.35
MinimumVisualStudioVersion = 10.0.40219.1
Project("{FAE04EC0-301F-11D3-BF4B-00C04F79EFBC}") = "AbstractHomework", "AbstractHomework\AbstractHomework.csproj", "{14D96B1D-3296-4C7A-B920-E7E5FF983795}"
EndProject
Global
	GlobalSection(SolutionConfigurationPlatforms) = preSolution
		Debug|Any CPU = Debug|Any CPU
		Release|Any CPU = Release|Any CPU
	EndGlobalSection
	GlobalSection(ProjectConfigurationPlatforms) = postSolution
		{14D96B1D-3296-4C7A-B920-E7E5FF983795}.Debug|Any CPU.ActiveCfg = Debug|Any CPU
		{14D96B1D-3296-4C7A-B920-E7E5FF983795}.Debug|Any CPU.Build.0 = Debug|Any CPU
		{14D96B1D-3296-4C7A-B920-E7E5FF983795}.Release|Any CPU.ActiveCfg = Release|Any CPU
		{14D96B1D-3296-4C7A-B920-E7E5FF983795}.Release|Any CPU.Build.0 = Release|Any CPU
	EndGlobalSection
	GlobalSection(SolutionProperties) = preSolution
		HideSolutionNode = FALSE
	EndGlobalSection
	GlobalSection(ExtensibilityGlobals) = postSolution
		SolutionGuid = {A5DBD730-C6CC-4EFF-9C3E-7FEB8E6FE4E7}
	EndGlobalSection
EndGlobal
