
Microsoft Visual Studio Solution File, Format Version 12.00
# Visual Studio Version 16
VisualStudioVersion = 16.0.31019.35
MinimumVisualStudioVersion = 10.0.40219.1
Project("{FAE04EC0-301F-11D3-BF4B-00C04F79EFBC}") = "ClassesHomework", "ClassesHomework\ClassesHomework.csproj", "{755F31E4-9633-48E9-A9C0-69D1197B0B60}"
EndProject
Global
	GlobalSection(SolutionConfigurationPlatforms) = preSolution
		Debug|Any CPU = Debug|Any CPU
		Release|Any CPU = Release|Any CPU
	EndGlobalSection
	GlobalSection(ProjectConfigurationPlatforms) = postSolution
		{755F31E4-9633-48E9-A9C0-69D1197B0B60}.Debug|Any CPU.ActiveCfg = Debug|Any CPU
		{755F31E4-9633-48E9-A9C0-69D1197B0B60}.Debug|Any CPU.Build.0 = Debug|Any CPU
		{755F31E4-9633-48E9-A9C0-69D1197B0B60}.Release|Any CPU.ActiveCfg = Release|Any CPU
		{755F31E4-9633-48E9-A9C0-69D1197B0B60}.Release|Any CPU.Build.0 = Release|Any CPU
	EndGlobalSection
	GlobalSection(SolutionProperties) = preSolution
		HideSolutionNode = FALSE
	EndGlobalSection
	GlobalSection(ExtensibilityGlobals) = postSolution
		SolutionGuid = {F8BB371F-47C8-460B-B04A-8CAADC41B465}
	EndGlobalSection
EndGlobal
