
Microsoft Visual Studio Solution File, Format Version 12.00
# Visual Studio Version 16
VisualStudioVersion = 16.0.31019.35
MinimumVisualStudioVersion = 10.0.40219.1
Project("{FAE04EC0-301F-11D3-BF4B-00C04F79EFBC}") = "XmlSerializeHomework", "XmlSerializeHomework\XmlSerializeHomework.csproj", "{DF1F3DAF-6464-4D03-A5C0-FBEC8C011072}"
EndProject
Global
	GlobalSection(SolutionConfigurationPlatforms) = preSolution
		Debug|Any CPU = Debug|Any CPU
		Release|Any CPU = Release|Any CPU
	EndGlobalSection
	GlobalSection(ProjectConfigurationPlatforms) = postSolution
		{DF1F3DAF-6464-4D03-A5C0-FBEC8C011072}.Debug|Any CPU.ActiveCfg = Debug|Any CPU
		{DF1F3DAF-6464-4D03-A5C0-FBEC8C011072}.Debug|Any CPU.Build.0 = Debug|Any CPU
		{DF1F3DAF-6464-4D03-A5C0-FBEC8C011072}.Release|Any CPU.ActiveCfg = Release|Any CPU
		{DF1F3DAF-6464-4D03-A5C0-FBEC8C011072}.Release|Any CPU.Build.0 = Release|Any CPU
	EndGlobalSection
	GlobalSection(SolutionProperties) = preSolution
		HideSolutionNode = FALSE
	EndGlobalSection
	GlobalSection(ExtensibilityGlobals) = postSolution
		SolutionGuid = {76CB279B-7E2F-4497-8687-1493C730522F}
	EndGlobalSection
EndGlobal
