
Microsoft Visual Studio Solution File, Format Version 12.00
# Visual Studio Version 16
VisualStudioVersion = 16.0.31019.35
MinimumVisualStudioVersion = 10.0.40219.1
Project("{FAE04EC0-301F-11D3-BF4B-00C04F79EFBC}") = "HomeworkProperty", "HomeworkProperty\HomeworkProperty.csproj", "{649FFCC8-95F7-4DF1-82A2-563CFEE30095}"
EndProject
Global
	GlobalSection(SolutionConfigurationPlatforms) = preSolution
		Debug|Any CPU = Debug|Any CPU
		Release|Any CPU = Release|Any CPU
	EndGlobalSection
	GlobalSection(ProjectConfigurationPlatforms) = postSolution
		{649FFCC8-95F7-4DF1-82A2-563CFEE30095}.Debug|Any CPU.ActiveCfg = Debug|Any CPU
		{649FFCC8-95F7-4DF1-82A2-563CFEE30095}.Debug|Any CPU.Build.0 = Debug|Any CPU
		{649FFCC8-95F7-4DF1-82A2-563CFEE30095}.Release|Any CPU.ActiveCfg = Release|Any CPU
		{649FFCC8-95F7-4DF1-82A2-563CFEE30095}.Release|Any CPU.Build.0 = Release|Any CPU
	EndGlobalSection
	GlobalSection(SolutionProperties) = preSolution
		HideSolutionNode = FALSE
	EndGlobalSection
	GlobalSection(ExtensibilityGlobals) = postSolution
		SolutionGuid = {4B5BCCC5-3F50-4830-9D5A-C75D8546B60A}
	EndGlobalSection
EndGlobal
